// !$*UTF8*$!
{
	archiveVersion = 1;
	classes = {
	};
	objectVersion = 46;
	objects = {

/* Begin PBXBuildFile section */
		00104B8440851A11B4D881C2 /* TOMLKit in Frameworks */ = {isa = PBXBuildFile; productRef = CCBB37039EE41C60DE969A40 /* TOMLKit */; };
		28741014F3030CF4DECE1EA2 /* Snippet.swift in Sources */ = {isa = PBXBuildFile; fileRef = C2EE72EE3E20C632D961556E /* Snippet.swift */; };
		357D67C07CB48183FE584F3E /* TextInjector.swift in Sources */ = {isa = PBXBuildFile; fileRef = A07C300E21FED912A62E6C25 /* TextInjector.swift */; };
		3727136F3E8B2E421370AA41 /* LaunchAtLoginController.swift in Sources */ = {isa = PBXBuildFile; fileRef = EAD34F4BB71CC14F6057BE3B /* LaunchAtLoginController.swift */; };
		3AE68983BECAD0C0FC2A9423 /* main.swift in Sources */ = {isa = PBXBuildFile; fileRef = 0A465A984E5DB539F27CA50A /* main.swift */; };
		43AEFEB91E088FA6C415BA6C /* SnippetFileParser.swift in Sources */ = {isa = PBXBuildFile; fileRef = 721CE6A858A616B6C7BA2BA6 /* SnippetFileParser.swift */; };
		4CEA2C10D82AD04E9AF1709A /* SettingsWindowController.swift in Sources */ = {isa = PBXBuildFile; fileRef = D51A2230D4C2F0209F254416 /* SettingsWindowController.swift */; };
		68BB1409CBCCF270E2515645 /* Assets.xcassets in Resources */ = {isa = PBXBuildFile; fileRef = 0F022635A04AA40FBDC855F2 /* Assets.xcassets */; };
		773091940EB9F4A8BC19DEBF /* SnippetConfigStore.swift in Sources */ = {isa = PBXBuildFile; fileRef = 3CCE345F093D56C8BE50444C /* SnippetConfigStore.swift */; };
		7DBDC212F2B2647C795590A1 /* AppModel.swift in Sources */ = {isa = PBXBuildFile; fileRef = D030BCBA06112A2C5ED1E813 /* AppModel.swift */; };
		87CF35237BE61767D46BF4B8 /* status-bar-icon.pdf in Resources */ = {isa = PBXBuildFile; fileRef = AC0693D90DAB504AA2B41E09 /* status-bar-icon.pdf */; };
		9991238BB50B49A641657D1D /* SnippetEngine.swift in Sources */ = {isa = PBXBuildFile; fileRef = FF482A39B1354E373FC45E75 /* SnippetEngine.swift */; };
		CBD7A05A01C6BD324AA995B7 /* Preferences.swift in Sources */ = {isa = PBXBuildFile; fileRef = FE2DCA91D3DB1B6D7CBC2EDC /* Preferences.swift */; };
		D8EEB5936187D1931095EA92 /* AppDelegate.swift in Sources */ = {isa = PBXBuildFile; fileRef = ECB797F8FB23352095319A9F /* AppDelegate.swift */; };
		DFF1DA6DAB0A53D8EECE13D3 /* StatusItemController.swift in Sources */ = {isa = PBXBuildFile; fileRef = 5A60F417AC8FD962AA51ACC8 /* StatusItemController.swift */; };
		EFFD1F05F25E9DBE9922CF9B /* Cocoa.framework in Frameworks */ = {isa = PBXBuildFile; fileRef = E334028B91BADECFD91E3B26 /* Cocoa.framework */; };
/* End PBXBuildFile section */

/* Begin PBXFileReference section */
		0A465A984E5DB539F27CA50A /* main.swift */ = {isa = PBXFileReference; includeInIndex = 1; lastKnownFileType = sourcecode.swift; path = main.swift; sourceTree = "<group>"; };
		0F022635A04AA40FBDC855F2 /* Assets.xcassets */ = {isa = PBXFileReference; includeInIndex = 1; lastKnownFileType = folder.assetcatalog; path = Assets.xcassets; sourceTree = "<group>"; };
		231F81F16C82627243B3C47C /* Poof.app */ = {isa = PBXFileReference; explicitFileType = wrapper.application; includeInIndex = 0; path = Poof.app; sourceTree = BUILT_PRODUCTS_DIR; };
		3CCE345F093D56C8BE50444C /* SnippetConfigStore.swift */ = {isa = PBXFileReference; includeInIndex = 1; lastKnownFileType = sourcecode.swift; path = SnippetConfigStore.swift; sourceTree = "<group>"; };
		5A60F417AC8FD962AA51ACC8 /* StatusItemController.swift */ = {isa = PBXFileReference; includeInIndex = 1; lastKnownFileType = sourcecode.swift; path = StatusItemController.swift; sourceTree = "<group>"; };
		721CE6A858A616B6C7BA2BA6 /* SnippetFileParser.swift */ = {isa = PBXFileReference; includeInIndex = 1; lastKnownFileType = sourcecode.swift; path = SnippetFileParser.swift; sourceTree = "<group>"; };
		A07C300E21FED912A62E6C25 /* TextInjector.swift */ = {isa = PBXFileReference; includeInIndex = 1; lastKnownFileType = sourcecode.swift; path = TextInjector.swift; sourceTree = "<group>"; };
		AC0693D90DAB504AA2B41E09 /* status-bar-icon.pdf */ = {isa = PBXFileReference; includeInIndex = 1; path = "status-bar-icon.pdf"; sourceTree = "<group>"; };
		C2EE72EE3E20C632D961556E /* Snippet.swift */ = {isa = PBXFileReference; includeInIndex = 1; lastKnownFileType = sourcecode.swift; path = Snippet.swift; sourceTree = "<group>"; };
		CAE1098AE934C3EF35623B3D /* Info.plist */ = {isa = PBXFileReference; includeInIndex = 1; lastKnownFileType = text.plist.xml; path = Info.plist; sourceTree = "<group>"; };
		D030BCBA06112A2C5ED1E813 /* AppModel.swift */ = {isa = PBXFileReference; includeInIndex = 1; lastKnownFileType = sourcecode.swift; path = AppModel.swift; sourceTree = "<group>"; };
		D51A2230D4C2F0209F254416 /* SettingsWindowController.swift */ = {isa = PBXFileReference; includeInIndex = 1; lastKnownFileType = sourcecode.swift; path = SettingsWindowController.swift; sourceTree = "<group>"; };
		E334028B91BADECFD91E3B26 /* Cocoa.framework */ = {isa = PBXFileReference; lastKnownFileType = wrapper.framework; name = Cocoa.framework; path = Platforms/MacOSX.platform/Developer/SDKs/MacOSX15.0.sdk/System/Library/Frameworks/Cocoa.framework; sourceTree = DEVELOPER_DIR; };
		EAD34F4BB71CC14F6057BE3B /* LaunchAtLoginController.swift */ = {isa = PBXFileReference; includeInIndex = 1; lastKnownFileType = sourcecode.swift; path = LaunchAtLoginController.swift; sourceTree = "<group>"; };
		ECB797F8FB23352095319A9F /* AppDelegate.swift */ = {isa = PBXFileReference; includeInIndex = 1; lastKnownFileType = sourcecode.swift; path = AppDelegate.swift; sourceTree = "<group>"; };
		FE2DCA91D3DB1B6D7CBC2EDC /* Preferences.swift */ = {isa = PBXFileReference; includeInIndex = 1; lastKnownFileType = sourcecode.swift; path = Preferences.swift; sourceTree = "<group>"; };
		FF482A39B1354E373FC45E75 /* SnippetEngine.swift */ = {isa = PBXFileReference; includeInIndex = 1; lastKnownFileType = sourcecode.swift; path = SnippetEngine.swift; sourceTree = "<group>"; };
/* End PBXFileReference section */

/* Begin PBXFrameworksBuildPhase section */
		1F73EA04EA3A0205BEA5B194 /* Frameworks */ = {
			isa = PBXFrameworksBuildPhase;
			buildActionMask = 2147483647;
			files = (
				EFFD1F05F25E9DBE9922CF9B /* Cocoa.framework in Frameworks */,
				00104B8440851A11B4D881C2 /* TOMLKit in Frameworks */,
			);
			runOnlyForDeploymentPostprocessing = 0;
		};
/* End PBXFrameworksBuildPhase section */

/* Begin PBXGroup section */
		30EEDEEDFD4703EAA4311540 /* Frameworks */ = {
			isa = PBXGroup;
			children = (
				AF1896308F9FFD1683B4E2EE /* OS X */,
			);
			name = Frameworks;
			sourceTree = "<group>";
		};
		9D6C755EB21F7341B86918AF /* Resources */ = {
			isa = PBXGroup;
			children = (
				0F022635A04AA40FBDC855F2 /* Assets.xcassets */,
				AC0693D90DAB504AA2B41E09 /* status-bar-icon.pdf */,
			);
			name = Resources;
			path = Resources;
			sourceTree = "<group>";
		};
		AF1896308F9FFD1683B4E2EE /* OS X */ = {
			isa = PBXGroup;
			children = (
				E334028B91BADECFD91E3B26 /* Cocoa.framework */,
			);
			name = "OS X";
			sourceTree = "<group>";
		};
		CBEAB5B56A120D57E95CB358 = {
			isa = PBXGroup;
			children = (
				30EEDEEDFD4703EAA4311540 /* Frameworks */,
				DD92D38F3E6D7D41373D83E4 /* Poof */,
				EABED223234DF8F816203A8C /* Products */,
			);
			sourceTree = "<group>";
		};
		DD92D38F3E6D7D41373D83E4 /* Poof */ = {
			isa = PBXGroup;
			children = (
				ECB797F8FB23352095319A9F /* AppDelegate.swift */,
				D030BCBA06112A2C5ED1E813 /* AppModel.swift */,
				CAE1098AE934C3EF35623B3D /* Info.plist */,
				EAD34F4BB71CC14F6057BE3B /* LaunchAtLoginController.swift */,
				0A465A984E5DB539F27CA50A /* main.swift */,
				FE2DCA91D3DB1B6D7CBC2EDC /* Preferences.swift */,
				9D6C755EB21F7341B86918AF /* Resources */,
				D51A2230D4C2F0209F254416 /* SettingsWindowController.swift */,
				C2EE72EE3E20C632D961556E /* Snippet.swift */,
				3CCE345F093D56C8BE50444C /* SnippetConfigStore.swift */,
				FF482A39B1354E373FC45E75 /* SnippetEngine.swift */,
				721CE6A858A616B6C7BA2BA6 /* SnippetFileParser.swift */,
				5A60F417AC8FD962AA51ACC8 /* StatusItemController.swift */,
				A07C300E21FED912A62E6C25 /* TextInjector.swift */,
			);
			name = Poof;
			path = Sources/Poof;
			sourceTree = "<group>";
		};
		EABED223234DF8F816203A8C /* Products */ = {
			isa = PBXGroup;
			children = (
				231F81F16C82627243B3C47C /* Poof.app */,
			);
			name = Products;
			sourceTree = "<group>";
		};
/* End PBXGroup section */

/* Begin PBXNativeTarget section */
		77AF38DFCA6F57692D2C4E96 /* Poof */ = {
			isa = PBXNativeTarget;
			buildConfigurationList = 46C3C69EA66C7AEA1300E169 /* Build configuration list for PBXNativeTarget "Poof" */;
			buildPhases = (
				7511F98CAD4E7FD0CECFD664 /* Sources */,
				1F73EA04EA3A0205BEA5B194 /* Frameworks */,
				5E3C1B89F79F7622E6D95873 /* Resources */,
			);
			buildRules = (
			);
			dependencies = (
			);
			name = Poof;
			packageProductDependencies = (
				CCBB37039EE41C60DE969A40 /* TOMLKit */,
			);
			productName = Poof;
			productReference = 231F81F16C82627243B3C47C /* Poof.app */;
			productType = "com.apple.product-type.application";
		};
/* End PBXNativeTarget section */

/* Begin PBXProject section */
		68F38F0456260F03B44E154C /* Project object */ = {
			isa = PBXProject;
			attributes = {
				LastSwiftUpdateCheck = 1600;
				LastUpgradeCheck = 2600;
			};
			buildConfigurationList = F5EABD034C84963408CAA869 /* Build configuration list for PBXProject "Poof" */;
			compatibilityVersion = "Xcode 16.0";
			developmentRegion = en;
			hasScannedForEncodings = 0;
			knownRegions = (
				en,
				Base,
			);
			mainGroup = CBEAB5B56A120D57E95CB358;
			minimizedProjectReferenceProxies = 0;
			packageReferences = (
				26EC621FC33105F73A2E51F8 /* XCRemoteSwiftPackageReference "TOMLKit" */,
			);
			preferredProjectObjectVersion = 77;
			productRefGroup = EABED223234DF8F816203A8C /* Products */;
			projectDirPath = "";
			projectRoot = "";
			targets = (
				77AF38DFCA6F57692D2C4E96 /* Poof */,
			);
		};
/* End PBXProject section */

/* Begin PBXResourcesBuildPhase section */
		5E3C1B89F79F7622E6D95873 /* Resources */ = {
			isa = PBXResourcesBuildPhase;
			buildActionMask = 2147483647;
			files = (
				68BB1409CBCCF270E2515645 /* Assets.xcassets in Resources */,
				87CF35237BE61767D46BF4B8 /* status-bar-icon.pdf in Resources */,
			);
			runOnlyForDeploymentPostprocessing = 0;
		};
/* End PBXResourcesBuildPhase section */

/* Begin PBXSourcesBuildPhase section */
		7511F98CAD4E7FD0CECFD664 /* Sources */ = {
			isa = PBXSourcesBuildPhase;
			buildActionMask = 2147483647;
			files = (
				D8EEB5936187D1931095EA92 /* AppDelegate.swift in Sources */,
				7DBDC212F2B2647C795590A1 /* AppModel.swift in Sources */,
				3727136F3E8B2E421370AA41 /* LaunchAtLoginController.swift in Sources */,
				3AE68983BECAD0C0FC2A9423 /* main.swift in Sources */,
				CBD7A05A01C6BD324AA995B7 /* Preferences.swift in Sources */,
				4CEA2C10D82AD04E9AF1709A /* SettingsWindowController.swift in Sources */,
				28741014F3030CF4DECE1EA2 /* Snippet.swift in Sources */,
				773091940EB9F4A8BC19DEBF /* SnippetConfigStore.swift in Sources */,
				9991238BB50B49A641657D1D /* SnippetEngine.swift in Sources */,
				43AEFEB91E088FA6C415BA6C /* SnippetFileParser.swift in Sources */,
				DFF1DA6DAB0A53D8EECE13D3 /* StatusItemController.swift in Sources */,
				357D67C07CB48183FE584F3E /* TextInjector.swift in Sources */,
			);
			runOnlyForDeploymentPostprocessing = 0;
		};
/* End PBXSourcesBuildPhase section */

/* Begin XCBuildConfiguration section */
		30822C97D71BBAB5E8A243E4 /* Release */ = {
			isa = XCBuildConfiguration;
			buildSettings = {
				ALWAYS_SEARCH_USER_PATHS = NO;
				CLANG_ANALYZER_NONNULL = YES;
				CLANG_ANALYZER_NUMBER_OBJECT_CONVERSION = YES_AGGRESSIVE;
				CLANG_CXX_LANGUAGE_STANDARD = "gnu++14";
				CLANG_CXX_LIBRARY = "libc++";
				CLANG_ENABLE_MODULES = YES;
				CLANG_ENABLE_OBJC_ARC = YES;
				CLANG_ENABLE_OBJC_WEAK = YES;
				CLANG_WARN_BLOCK_CAPTURE_AUTORELEASING = YES;
				CLANG_WARN_BOOL_CONVERSION = YES;
				CLANG_WARN_COMMA = YES;
				CLANG_WARN_CONSTANT_CONVERSION = YES;
				CLANG_WARN_DEPRECATED_OBJC_IMPLEMENTATIONS = YES;
				CLANG_WARN_DIRECT_OBJC_ISA_USAGE = YES_ERROR;
				CLANG_WARN_DOCUMENTATION_COMMENTS = YES;
				CLANG_WARN_EMPTY_BODY = YES;
				CLANG_WARN_ENUM_CONVERSION = YES;
				CLANG_WARN_INFINITE_RECURSION = YES;
				CLANG_WARN_INT_CONVERSION = YES;
				CLANG_WARN_NON_LITERAL_NULL_CONVERSION = YES;
				CLANG_WARN_OBJC_IMPLICIT_RETAIN_SELF = YES;
				CLANG_WARN_OBJC_LITERAL_CONVERSION = YES;
				CLANG_WARN_OBJC_ROOT_CLASS = YES_ERROR;
				CLANG_WARN_QUOTED_INCLUDE_IN_FRAMEWORK_HEADER = YES;
				CLANG_WARN_RANGE_LOOP_ANALYSIS = YES;
				CLANG_WARN_STRICT_PROTOTYPES = YES;
				CLANG_WARN_SUSPICIOUS_MOVE = YES;
				CLANG_WARN_UNGUARDED_AVAILABILITY = YES_AGGRESSIVE;
				CLANG_WARN_UNREACHABLE_CODE = YES;
				CLANG_WARN__DUPLICATE_METHOD_MATCH = YES;
				COPY_PHASE_STRIP = NO;
				DEBUG_INFORMATION_FORMAT = "dwarf-with-dsym";
				ENABLE_NS_ASSERTIONS = NO;
				ENABLE_STRICT_OBJC_MSGSEND = YES;
				GCC_C_LANGUAGE_STANDARD = gnu11;
				GCC_NO_COMMON_BLOCKS = YES;
				GCC_WARN_64_TO_32_BIT_CONVERSION = YES;
				GCC_WARN_ABOUT_RETURN_TYPE = YES_ERROR;
				GCC_WARN_UNDECLARED_SELECTOR = YES;
				GCC_WARN_UNINITIALIZED_AUTOS = YES_AGGRESSIVE;
				GCC_WARN_UNUSED_FUNCTION = YES;
				GCC_WARN_UNUSED_VARIABLE = YES;
				MACOSX_DEPLOYMENT_TARGET = 14.0;
				MTL_ENABLE_DEBUG_INFO = NO;
				MTL_FAST_MATH = YES;
				PRODUCT_NAME = "$(TARGET_NAME)";
				SWIFT_COMPILATION_MODE = wholemodule;
				SWIFT_OPTIMIZATION_LEVEL = "-O";
				SWIFT_VERSION = 5.0;
			};
			name = Release;
		};
		399B40AEE36B939F7D6923A9 /* Debug */ = {
			isa = XCBuildConfiguration;
			buildSettings = {
				ALWAYS_SEARCH_USER_PATHS = NO;
				CLANG_ANALYZER_NONNULL = YES;
				CLANG_ANALYZER_NUMBER_OBJECT_CONVERSION = YES_AGGRESSIVE;
				CLANG_CXX_LANGUAGE_STANDARD = "gnu++14";
				CLANG_CXX_LIBRARY = "libc++";
				CLANG_ENABLE_MODULES = YES;
				CLANG_ENABLE_OBJC_ARC = YES;
				CLANG_ENABLE_OBJC_WEAK = YES;
				CLANG_WARN_BLOCK_CAPTURE_AUTORELEASING = YES;
				CLANG_WARN_BOOL_CONVERSION = YES;
				CLANG_WARN_COMMA = YES;
				CLANG_WARN_CONSTANT_CONVERSION = YES;
				CLANG_WARN_DEPRECATED_OBJC_IMPLEMENTATIONS = YES;
				CLANG_WARN_DIRECT_OBJC_ISA_USAGE = YES_ERROR;
				CLANG_WARN_DOCUMENTATION_COMMENTS = YES;
				CLANG_WARN_EMPTY_BODY = YES;
				CLANG_WARN_ENUM_CONVERSION = YES;
				CLANG_WARN_INFINITE_RECURSION = YES;
				CLANG_WARN_INT_CONVERSION = YES;
				CLANG_WARN_NON_LITERAL_NULL_CONVERSION = YES;
				CLANG_WARN_OBJC_IMPLICIT_RETAIN_SELF = YES;
				CLANG_WARN_OBJC_LITERAL_CONVERSION = YES;
				CLANG_WARN_OBJC_ROOT_CLASS = YES_ERROR;
				CLANG_WARN_QUOTED_INCLUDE_IN_FRAMEWORK_HEADER = YES;
				CLANG_WARN_RANGE_LOOP_ANALYSIS = YES;
				CLANG_WARN_STRICT_PROTOTYPES = YES;
				CLANG_WARN_SUSPICIOUS_MOVE = YES;
				CLANG_WARN_UNGUARDED_AVAILABILITY = YES_AGGRESSIVE;
				CLANG_WARN_UNREACHABLE_CODE = YES;
				CLANG_WARN__DUPLICATE_METHOD_MATCH = YES;
				COPY_PHASE_STRIP = NO;
				DEBUG_INFORMATION_FORMAT = dwarf;
				ENABLE_STRICT_OBJC_MSGSEND = YES;
				ENABLE_TESTABILITY = YES;
				GCC_C_LANGUAGE_STANDARD = gnu11;
				GCC_DYNAMIC_NO_PIC = NO;
				GCC_NO_COMMON_BLOCKS = YES;
				GCC_OPTIMIZATION_LEVEL = 0;
				GCC_PREPROCESSOR_DEFINITIONS = (
					"DEBUG=1",
					"$(inherited)",
				);
				GCC_WARN_64_TO_32_BIT_CONVERSION = YES;
				GCC_WARN_ABOUT_RETURN_TYPE = YES_ERROR;
				GCC_WARN_UNDECLARED_SELECTOR = YES;
				GCC_WARN_UNINITIALIZED_AUTOS = YES_AGGRESSIVE;
				GCC_WARN_UNUSED_FUNCTION = YES;
				GCC_WARN_UNUSED_VARIABLE = YES;
				MACOSX_DEPLOYMENT_TARGET = 14.0;
				MTL_ENABLE_DEBUG_INFO = INCLUDE_SOURCE;
				MTL_FAST_MATH = YES;
				ONLY_ACTIVE_ARCH = YES;
				PRODUCT_NAME = "$(TARGET_NAME)";
				SWIFT_ACTIVE_COMPILATION_CONDITIONS = DEBUG;
				SWIFT_OPTIMIZATION_LEVEL = "-Onone";
				SWIFT_VERSION = 5.0;
			};
			name = Debug;
		};
		81547C13E482A8F0189A8B58 /* Release */ = {
			isa = XCBuildConfiguration;
			buildSettings = {
				ASSETCATALOG_COMPILER_APPICON_NAME = AppIcon;
				CODE_SIGN_STYLE = Automatic;
				COMBINE_HIDPI_IMAGES = YES;
				CURRENT_PROJECT_VERSION = 1;
				GENERATE_INFOPLIST_FILE = NO;
				INFOPLIST_FILE = Sources/Poof/Info.plist;
				LD_RUNPATH_SEARCH_PATHS = "$(inherited) @executable_path/../Frameworks";
				MACOSX_DEPLOYMENT_TARGET = 14.0;
				MARKETING_VERSION = 0.1.0;
				PRODUCT_BUNDLE_IDENTIFIER = com.brnbw.Poof;
				PRODUCT_NAME = "$(TARGET_NAME)";
				SDKROOT = macosx;
				SWIFT_VERSION = 6.0;
			};
			name = Release;
		};
		A3205167C2EB07633616A178 /* Debug */ = {
			isa = XCBuildConfiguration;
			buildSettings = {
				ASSETCATALOG_COMPILER_APPICON_NAME = AppIcon;
				CODE_SIGN_STYLE = Automatic;
				COMBINE_HIDPI_IMAGES = YES;
				CURRENT_PROJECT_VERSION = 1;
				GENERATE_INFOPLIST_FILE = NO;
				INFOPLIST_FILE = Sources/Poof/Info.plist;
				LD_RUNPATH_SEARCH_PATHS = "$(inherited) @executable_path/../Frameworks";
				MACOSX_DEPLOYMENT_TARGET = 14.0;
				MARKETING_VERSION = 0.1.0;
				PRODUCT_BUNDLE_IDENTIFIER = com.brnbw.Poof;
				PRODUCT_NAME = "$(TARGET_NAME)";
				SDKROOT = macosx;
				SWIFT_VERSION = 6.0;
			};
			name = Debug;
		};
/* End XCBuildConfiguration section */

/* Begin XCConfigurationList section */
		46C3C69EA66C7AEA1300E169 /* Build configuration list for PBXNativeTarget "Poof" */ = {
			isa = XCConfigurationList;
			buildConfigurations = (
				A3205167C2EB07633616A178 /* Debug */,
				81547C13E482A8F0189A8B58 /* Release */,
			);
			defaultConfigurationIsVisible = 0;
			defaultConfigurationName = Release;
		};
		F5EABD034C84963408CAA869 /* Build configuration list for PBXProject "Poof" */ = {
			isa = XCConfigurationList;
			buildConfigurations = (
				399B40AEE36B939F7D6923A9 /* Debug */,
				30822C97D71BBAB5E8A243E4 /* Release */,
			);
			defaultConfigurationIsVisible = 0;
			defaultConfigurationName = Release;
		};
/* End XCConfigurationList section */

/* Begin XCRemoteSwiftPackageReference section */
		26EC621FC33105F73A2E51F8 /* XCRemoteSwiftPackageReference "TOMLKit" */ = {
			isa = XCRemoteSwiftPackageReference;
			repositoryURL = "https://github.com/LebJe/TOMLKit";
			requirement = {
				kind = upToNextMajorVersion;
				minimumVersion = 0.6.0;
			};
		};
/* End XCRemoteSwiftPackageReference section */

/* Begin XCSwiftPackageProductDependency section */
		CCBB37039EE41C60DE969A40 /* TOMLKit */ = {
			isa = XCSwiftPackageProductDependency;
			package = 26EC621FC33105F73A2E51F8 /* XCRemoteSwiftPackageReference "TOMLKit" */;
			productName = TOMLKit;
		};
/* End XCSwiftPackageProductDependency section */
	};
	rootObject = 68F38F0456260F03B44E154C /* Project object */;
}
